PODS:
  - Alamofire (4.9.1)
  - SDWebImage (5.9.5):
    - SDWebImage/Core (= 5.9.5)
  - SDWebImage/Core (5.9.5)
  - SwiftyJSON (5.0.0)

DEPENDENCIES:
  - Alamofire (~> 4.4)
  - SDWebImage
  - SwiftyJSON

SPEC REPOS:
  trunk:
    - Alamofire
    - SDWebImage
    - SwiftyJSON

SPEC CHECKSUMS:
  Alamofire: 85e8a02c69d6020a0d734f6054870d7ecb75cf18
  SDWebImage: 0b2ba0d56479bf6a45ecddbfd5558bea93150d25
  SwiftyJSON: 36413e04c44ee145039d332b4f4e2d3e8d6c4db7

PODFILE CHECKSUM: 6c83050b7078e6f9f1347af52b154e8ce3acc382

COCOAPODS: 1.9.3
